
Microsoft Visual Studio Solution File, Format Version 12.00
# Visual Studio Version 16
VisualStudioVersion = 16.0.29609.76
MinimumVisualStudioVersion = 10.0.40219.1
Project("{8BC9CEB8-8B4A-11D0-8D11-00A0C91BC942}") = "OpenGLCourseApp", "OpenGLCourseApp\OpenGLCourseApp.vcxproj", "{0CABF933-A97A-4FF9-A8FC-725D3835DE1C}"
EndProject
Global
	GlobalSection(SolutionConfigurationPlatforms) = preSolution
		Debug|x64 = Debug|x64
		Debug|x86 = Debug|x86
		Release|x64 = Release|x64
		Release|x86 = Release|x86
	EndGlobalSection
	GlobalSection(ProjectConfigurationPlatforms) = postSolution
		{0CABF933-A97A-4FF9-A8FC-725D3835DE1C}.Debug|x64.ActiveCfg = Debug|x64
		{0CABF933-A97A-4FF9-A8FC-725D3835DE1C}.Debug|x64.Build.0 = Debug|x64
		{0CABF933-A97A-4FF9-A8FC-725D3835DE1C}.Debug|x86.ActiveCfg = Debug|Win32
		{0CABF933-A97A-4FF9-A8FC-725D3835DE1C}.Debug|x86.Build.0 = Debug|Win32
		{0CABF933-A97A-4FF9-A8FC-725D3835DE1C}.Release|x64.ActiveCfg = Release|x64
		{0CABF933-A97A-4FF9-A8FC-725D3835DE1C}.Release|x64.Build.0 = Release|x64
		{0CABF933-A97A-4FF9-A8FC-725D3835DE1C}.Release|x86.ActiveCfg = Release|Win32
		{0CABF933-A97A-4FF9-A8FC-725D3835DE1C}.Release|x86.Build.0 = Release|Win32
	EndGlobalSection
	GlobalSection(SolutionProperties) = preSolution
		HideSolutionNode = FALSE
	EndGlobalSection
	GlobalSection(ExtensibilityGlobals) = postSolution
		SolutionGuid = {47BB53A5-F320-489C-ACBF-9609A560D3A3}
	EndGlobalSection
EndGlobal
